// !$*UTF8*$!
{
	archiveVersion = 1;
	classes = {
	};
	objectVersion = 56;
	objects = {

/* Begin PBXBuildFile section */
		616AF6132A8D00E60040BD5E /* AppDelegate.swift in Sources */ = {isa = PBXBuildFile; fileRef = 616AF6122A8D00E60040BD5E /* AppDelegate.swift */; };
		616AF6152A8D00E60040BD5E /* SceneDelegate.swift in Sources */ = {isa = PBXBuildFile; fileRef = 616AF6142A8D00E60040BD5E /* SceneDelegate.swift */; };
		616AF6172A8D00E60040BD5E /* ViewController.swift in Sources */ = {isa = PBXBuildFile; fileRef = 616AF6162A8D00E60040BD5E /* ViewController.swift */; };
		616AF61A2A8D00E60040BD5E /* Main.storyboard in Resources */ = {isa = PBXBuildFile; fileRef = 616AF6182A8D00E60040BD5E /* Main.storyboard */; };
		616AF61D2A8D00E60040BD5E /* BMICalculator.xcdatamodeld in Sources */ = {isa = PBXBuildFile; fileRef = 616AF61B2A8D00E60040BD5E /* BMICalculator.xcdatamodeld */; };
		616AF61F2A8D00E70040BD5E /* Assets.xcassets in Resources */ = {isa = PBXBuildFile; fileRef = 616AF61E2A8D00E70040BD5E /* Assets.xcassets */; };
		616AF6222A8D00E70040BD5E /* LaunchScreen.storyboard in Resources */ = {isa = PBXBuildFile; fileRef = 616AF6202A8D00E70040BD5E /* LaunchScreen.storyboard */; };
		616AF62D2A8D00E70040BD5E /* BMICalculatorTests.swift in Sources */ = {isa = PBXBuildFile; fileRef = 616AF62C2A8D00E70040BD5E /* BMICalculatorTests.swift */; };
		616AF6372A8D00E70040BD5E /* BMICalculatorUITests.swift in Sources */ = {isa = PBXBuildFile; fileRef = 616AF6362A8D00E70040BD5E /* BMICalculatorUITests.swift */; };
		616AF6392A8D00E70040BD5E /* BMICalculatorUITestsLaunchTests.swift in Sources */ = {isa = PBXBuildFile; fileRef = 616AF6382A8D00E70040BD5E /* BMICalculatorUITestsLaunchTests.swift */; };
/* End PBXBuildFile section */

/* Begin PBXContainerItemProxy section */
		616AF6292A8D00E70040BD5E /* PBXContainerItemProxy */ = {
			isa = PBXContainerItemProxy;
			containerPortal = 616AF6072A8D00E50040BD5E /* Project object */;
			proxyType = 1;
			remoteGlobalIDString = 616AF60E2A8D00E60040BD5E;
			remoteInfo = BMICalculator;
		};
		616AF6332A8D00E70040BD5E /* PBXContainerItemProxy */ = {
			isa = PBXContainerItemProxy;
			containerPortal = 616AF6072A8D00E50040BD5E /* Project object */;
			proxyType = 1;
			remoteGlobalIDString = 616AF60E2A8D00E60040BD5E;
			remoteInfo = BMICalculator;
		};
/* End PBXContainerItemProxy section */

/* Begin PBXFileReference section */
		616AF60F2A8D00E60040BD5E /* BMICalculator.app */ = {isa = PBXFileReference; explicitFileType = wrapper.application; includeInIndex = 0; path = BMICalculator.app; sourceTree = BUILT_PRODUCTS_DIR; };
		616AF6122A8D00E60040BD5E /* AppDelegate.swift */ = {isa = PBXFileReference; lastKnownFileType = sourcecode.swift; path = AppDelegate.swift; sourceTree = "<group>"; };
		616AF6142A8D00E60040BD5E /* SceneDelegate.swift */ = {isa = PBXFileReference; lastKnownFileType = sourcecode.swift; path = SceneDelegate.swift; sourceTree = "<group>"; };
		616AF6162A8D00E60040BD5E /* ViewController.swift */ = {isa = PBXFileReference; lastKnownFileType = sourcecode.swift; path = ViewController.swift; sourceTree = "<group>"; };
		616AF6192A8D00E60040BD5E /* Base */ = {isa = PBXFileReference; lastKnownFileType = file.storyboard; name = Base; path = Base.lproj/Main.storyboard; sourceTree = "<group>"; };
		616AF61C2A8D00E60040BD5E /* BMICalculator.xcdatamodel */ = {isa = PBXFileReference; lastKnownFileType = wrapper.xcdatamodel; path = BMICalculator.xcdatamodel; sourceTree = "<group>"; };
		616AF61E2A8D00E70040BD5E /* Assets.xcassets */ = {isa = PBXFileReference; lastKnownFileType = folder.assetcatalog; path = Assets.xcassets; sourceTree = "<group>"; };
		616AF6212A8D00E70040BD5E /* Base */ = {isa = PBXFileReference; lastKnownFileType = file.storyboard; name = Base; path = Base.lproj/LaunchScreen.storyboard; sourceTree = "<group>"; };
		616AF6232A8D00E70040BD5E /* Info.plist */ = {isa = PBXFileReference; lastKnownFileType = text.plist.xml; path = Info.plist; sourceTree = "<group>"; };
		616AF6282A8D00E70040BD5E /* BMICalculatorTests.xctest */ = {isa = PBXFileReference; explicitFileType = wrapper.cfbundle; includeInIndex = 0; path = BMICalculatorTests.xctest; sourceTree = BUILT_PRODUCTS_DIR; };
		616AF62C2A8D00E70040BD5E /* BMICalculatorTests.swift */ = {isa = PBXFileReference; lastKnownFileType = sourcecode.swift; path = BMICalculatorTests.swift; sourceTree = "<group>"; };
		616AF6322A8D00E70040BD5E /* BMICalculatorUITests.xctest */ = {isa = PBXFileReference; explicitFileType = wrapper.cfbundle; includeInIndex = 0; path = BMICalculatorUITests.xctest; sourceTree = BUILT_PRODUCTS_DIR; };
		616AF6362A8D00E70040BD5E /* BMICalculatorUITests.swift */ = {isa = PBXFileReference; lastKnownFileType = sourcecode.swift; path = BMICalculatorUITests.swift; sourceTree = "<group>"; };
		616AF6382A8D00E70040BD5E /* BMICalculatorUITestsLaunchTests.swift */ = {isa = PBXFileReference; lastKnownFileType = sourcecode.swift; path = BMICalculatorUITestsLaunchTests.swift; sourceTree = "<group>"; };
/* End PBXFileReference section */

/* Begin PBXFrameworksBuildPhase section */
		616AF60C2A8D00E60040BD5E /* Frameworks */ = {
			isa = PBXFrameworksBuildPhase;
			buildActionMask = 2147483647;
			files = (
			);
			runOnlyForDeploymentPostprocessing = 0;
		};
		616AF6252A8D00E70040BD5E /* Frameworks */ = {
			isa = PBXFrameworksBuildPhase;
			buildActionMask = 2147483647;
			files = (
			);
			runOnlyForDeploymentPostprocessing = 0;
		};
		616AF62F2A8D00E70040BD5E /* Frameworks */ = {
			isa = PBXFrameworksBuildPhase;
			buildActionMask = 2147483647;
			files = (
			);
			runOnlyForDeploymentPostprocessing = 0;
		};
/* End PBXFrameworksBuildPhase section */

/* Begin PBXGroup section */
		616AF6062A8D00E50040BD5E = {
			isa = PBXGroup;
			children = (
				616AF6112A8D00E60040BD5E /* BMICalculator */,
				616AF62B2A8D00E70040BD5E /* BMICalculatorTests */,
				616AF6352A8D00E70040BD5E /* BMICalculatorUITests */,
				616AF6102A8D00E60040BD5E /* Products */,
			);
			sourceTree = "<group>";
		};
		616AF6102A8D00E60040BD5E /* Products */ = {
			isa = PBXGroup;
			children = (
				616AF60F2A8D00E60040BD5E /* BMICalculator.app */,
				616AF6282A8D00E70040BD5E /* BMICalculatorTests.xctest */,
				616AF6322A8D00E70040BD5E /* BMICalculatorUITests.xctest */,
			);
			name = Products;
			sourceTree = "<group>";
		};
		616AF6112A8D00E60040BD5E /* BMICalculator */ = {
			isa = PBXGroup;
			children = (
				616AF6122A8D00E60040BD5E /* AppDelegate.swift */,
				616AF6142A8D00E60040BD5E /* SceneDelegate.swift */,
				616AF6162A8D00E60040BD5E /* ViewController.swift */,
				616AF6182A8D00E60040BD5E /* Main.storyboard */,
				616AF61E2A8D00E70040BD5E /* Assets.xcassets */,
				616AF6202A8D00E70040BD5E /* LaunchScreen.storyboard */,
				616AF6232A8D00E70040BD5E /* Info.plist */,
				616AF61B2A8D00E60040BD5E /* BMICalculator.xcdatamodeld */,
			);
			path = BMICalculator;
			sourceTree = "<group>";
		};
		616AF62B2A8D00E70040BD5E /* BMICalculatorTests */ = {
			isa = PBXGroup;
			children = (
				616AF62C2A8D00E70040BD5E /* BMICalculatorTests.swift */,
			);
			path = BMICalculatorTests;
			sourceTree = "<group>";
		};
		616AF6352A8D00E70040BD5E /* BMICalculatorUITests */ = {
			isa = PBXGroup;
			children = (
				616AF6362A8D00E70040BD5E /* BMICalculatorUITests.swift */,
				616AF6382A8D00E70040BD5E /* BMICalculatorUITestsLaunchTests.swift */,
			);
			path = BMICalculatorUITests;
			sourceTree = "<group>";
		};
/* End PBXGroup section */

/* Begin PBXNativeTarget section */
		616AF60E2A8D00E60040BD5E /* BMICalculator */ = {
			isa = PBXNativeTarget;
			buildConfigurationList = 616AF63C2A8D00E70040BD5E /* Build configuration list for PBXNativeTarget "BMICalculator" */;
			buildPhases = (
				616AF60B2A8D00E60040BD5E /* Sources */,
				616AF60C2A8D00E60040BD5E /* Frameworks */,
				616AF60D2A8D00E60040BD5E /* Resources */,
			);
			buildRules = (
			);
			dependencies = (
			);
			name = BMICalculator;
			productName = BMICalculator;
			productReference = 616AF60F2A8D00E60040BD5E /* BMICalculator.app */;
			productType = "com.apple.product-type.application";
		};
		616AF6272A8D00E70040BD5E /* BMICalculatorTests */ = {
			isa = PBXNativeTarget;
			buildConfigurationList = 616AF63F2A8D00E70040BD5E /* Build configuration list for PBXNativeTarget "BMICalculatorTests" */;
			buildPhases = (
				616AF6242A8D00E70040BD5E /* Sources */,
				616AF6252A8D00E70040BD5E /* Frameworks */,
				616AF6262A8D00E70040BD5E /* Resources */,
			);
			buildRules = (
			);
			dependencies = (
				616AF62A2A8D00E70040BD5E /* PBXTargetDependency */,
			);
			name = BMICalculatorTests;
			productName = BMICalculatorTests;
			productReference = 616AF6282A8D00E70040BD5E /* BMICalculatorTests.xctest */;
			productType = "com.apple.product-type.bundle.unit-test";
		};
		616AF6312A8D00E70040BD5E /* BMICalculatorUITests */ = {
			isa = PBXNativeTarget;
			buildConfigurationList = 616AF6422A8D00E70040BD5E /* Build configuration list for PBXNativeTarget "BMICalculatorUITests" */;
			buildPhases = (
				616AF62E2A8D00E70040BD5E /* Sources */,
				616AF62F2A8D00E70040BD5E /* Frameworks */,
				616AF6302A8D00E70040BD5E /* Resources */,
			);
			buildRules = (
			);
			dependencies = (
				616AF6342A8D00E70040BD5E /* PBXTargetDependency */,
			);
			name = BMICalculatorUITests;
			productName = BMICalculatorUITests;
			productReference = 616AF6322A8D00E70040BD5E /* BMICalculatorUITests.xctest */;
			productType = "com.apple.product-type.bundle.ui-testing";
		};
/* End PBXNativeTarget section */

/* Begin PBXProject section */
		616AF6072A8D00E50040BD5E /* Project object */ = {
			isa = PBXProject;
			attributes = {
				BuildIndependentTargetsInParallel = 1;
				LastSwiftUpdateCheck = 1420;
				LastUpgradeCheck = 1420;
				TargetAttributes = {
					616AF60E2A8D00E60040BD5E = {
						CreatedOnToolsVersion = 14.2;
					};
					616AF6272A8D00E70040BD5E = {
						CreatedOnToolsVersion = 14.2;
						TestTargetID = 616AF60E2A8D00E60040BD5E;
					};
					616AF6312A8D00E70040BD5E = {
						CreatedOnToolsVersion = 14.2;
						TestTargetID = 616AF60E2A8D00E60040BD5E;
					};
				};
			};
			buildConfigurationList = 616AF60A2A8D00E50040BD5E /* Build configuration list for PBXProject "BMICalculator" */;
			compatibilityVersion = "Xcode 14.0";
			developmentRegion = en;
			hasScannedForEncodings = 0;
			knownRegions = (
				en,
				Base,
			);
			mainGroup = 616AF6062A8D00E50040BD5E;
			productRefGroup = 616AF6102A8D00E60040BD5E /* Products */;
			projectDirPath = "";
			projectRoot = "";
			targets = (
				616AF60E2A8D00E60040BD5E /* BMICalculator */,
				616AF6272A8D00E70040BD5E /* BMICalculatorTests */,
				616AF6312A8D00E70040BD5E /* BMICalculatorUITests */,
			);
		};
/* End PBXProject section */

/* Begin PBXResourcesBuildPhase section */
		616AF60D2A8D00E60040BD5E /* Resources */ = {
			isa = PBXResourcesBuildPhase;
			buildActionMask = 2147483647;
			files = (
				616AF6222A8D00E70040BD5E /* LaunchScreen.storyboard in Resources */,
				616AF61F2A8D00E70040BD5E /* Assets.xcassets in Resources */,
				616AF61A2A8D00E60040BD5E /* Main.storyboard in Resources */,
			);
			runOnlyForDeploymentPostprocessing = 0;
		};
		616AF6262A8D00E70040BD5E /* Resources */ = {
			isa = PBXResourcesBuildPhase;
			buildActionMask = 2147483647;
			files = (
			);
			runOnlyForDeploymentPostprocessing = 0;
		};
		616AF6302A8D00E70040BD5E /* Resources */ = {
			isa = PBXResourcesBuildPhase;
			buildActionMask = 2147483647;
			files = (
			);
			runOnlyForDeploymentPostprocessing = 0;
		};
/* End PBXResourcesBuildPhase section */

/* Begin PBXSourcesBuildPhase section */
		616AF60B2A8D00E60040BD5E /* Sources */ = {
			isa = PBXSourcesBuildPhase;
			buildActionMask = 2147483647;
			files = (
				616AF61D2A8D00E60040BD5E /* BMICalculator.xcdatamodeld in Sources */,
				616AF6172A8D00E60040BD5E /* ViewController.swift in Sources */,
				616AF6132A8D00E60040BD5E /* AppDelegate.swift in Sources */,
				616AF6152A8D00E60040BD5E /* SceneDelegate.swift in Sources */,
			);
			runOnlyForDeploymentPostprocessing = 0;
		};
		616AF6242A8D00E70040BD5E /* Sources */ = {
			isa = PBXSourcesBuildPhase;
			buildActionMask = 2147483647;
			files = (
				616AF62D2A8D00E70040BD5E /* BMICalculatorTests.swift in Sources */,
			);
			runOnlyForDeploymentPostprocessing = 0;
		};
		616AF62E2A8D00E70040BD5E /* Sources */ = {
			isa = PBXSourcesBuildPhase;
			buildActionMask = 2147483647;
			files = (
				616AF6372A8D00E70040BD5E /* BMICalculatorUITests.swift in Sources */,
				616AF6392A8D00E70040BD5E /* BMICalculatorUITestsLaunchTests.swift in Sources */,
			);
			runOnlyForDeploymentPostprocessing = 0;
		};
/* End PBXSourcesBuildPhase section */

/* Begin PBXTargetDependency section */
		616AF62A2A8D00E70040BD5E /* PBXTargetDependency */ = {
			isa = PBXTargetDependency;
			target = 616AF60E2A8D00E60040BD5E /* BMICalculator */;
			targetProxy = 616AF6292A8D00E70040BD5E /* PBXContainerItemProxy */;
		};
		616AF6342A8D00E70040BD5E /* PBXTargetDependency */ = {
			isa = PBXTargetDependency;
			target = 616AF60E2A8D00E60040BD5E /* BMICalculator */;
			targetProxy = 616AF6332A8D00E70040BD5E /* PBXContainerItemProxy */;
		};
/* End PBXTargetDependency section */

/* Begin PBXVariantGroup section */
		616AF6182A8D00E60040BD5E /* Main.storyboard */ = {
			isa = PBXVariantGroup;
			children = (
				616AF6192A8D00E60040BD5E /* Base */,
			);
			name = Main.storyboard;
			sourceTree = "<group>";
		};
		616AF6202A8D00E70040BD5E /* LaunchScreen.storyboard */ = {
			isa = PBXVariantGroup;
			children = (
				616AF6212A8D00E70040BD5E /* Base */,
			);
			name = LaunchScreen.storyboard;
			sourceTree = "<group>";
		};
/* End PBXVariantGroup section */

/* Begin XCBuildConfiguration section */
		616AF63A2A8D00E70040BD5E /* Debug */ = {
			isa = XCBuildConfiguration;
			buildSettings = {
				ALWAYS_SEARCH_USER_PATHS = NO;
				CLANG_ANALYZER_NONNULL = YES;
				CLANG_ANALYZER_NUMBER_OBJECT_CONVERSION = YES_AGGRESSIVE;
				CLANG_CXX_LANGUAGE_STANDARD = "gnu++20";
				CLANG_ENABLE_MODULES = YES;
				CLANG_ENABLE_OBJC_ARC = YES;
				CLANG_ENABLE_OBJC_WEAK = YES;
				CLANG_WARN_BLOCK_CAPTURE_AUTORELEASING = YES;
				CLANG_WARN_BOOL_CONVERSION = YES;
				CLANG_WARN_COMMA = YES;
				CLANG_WARN_CONSTANT_CONVERSION = YES;
				CLANG_WARN_DEPRECATED_OBJC_IMPLEMENTATIONS = YES;
				CLANG_WARN_DIRECT_OBJC_ISA_USAGE = YES_ERROR;
				CLANG_WARN_DOCUMENTATION_COMMENTS = YES;
				CLANG_WARN_EMPTY_BODY = YES;
				CLANG_WARN_ENUM_CONVERSION = YES;
				CLANG_WARN_INFINITE_RECURSION = YES;
				CLANG_WARN_INT_CONVERSION = YES;
				CLANG_WARN_NON_LITERAL_NULL_CONVERSION = YES;
				CLANG_WARN_OBJC_IMPLICIT_RETAIN_SELF = YES;
				CLANG_WARN_OBJC_LITERAL_CONVERSION = YES;
				CLANG_WARN_OBJC_ROOT_CLASS = YES_ERROR;
				CLANG_WARN_QUOTED_INCLUDE_IN_FRAMEWORK_HEADER = YES;
				CLANG_WARN_RANGE_LOOP_ANALYSIS = YES;
				CLANG_WARN_STRICT_PROTOTYPES = YES;
				CLANG_WARN_SUSPICIOUS_MOVE = YES;
				CLANG_WARN_UNGUARDED_AVAILABILITY = YES_AGGRESSIVE;
				CLANG_WARN_UNREACHABLE_CODE = YES;
				CLANG_WARN__DUPLICATE_METHOD_MATCH = YES;
				COPY_PHASE_STRIP = NO;
				DEBUG_INFORMATION_FORMAT = dwarf;
				ENABLE_STRICT_OBJC_MSGSEND = YES;
				ENABLE_TESTABILITY = YES;
				GCC_C_LANGUAGE_STANDARD = gnu11;
				GCC_DYNAMIC_NO_PIC = NO;
				GCC_NO_COMMON_BLOCKS = YES;
				GCC_OPTIMIZATION_LEVEL = 0;
				GCC_PREPROCESSOR_DEFINITIONS = (
					"DEBUG=1",
					"$(inherited)",
				);
				GCC_WARN_64_TO_32_BIT_CONVERSION = YES;
				GCC_WARN_ABOUT_RETURN_TYPE = YES_ERROR;
				GCC_WARN_UNDECLARED_SELECTOR = YES;
				GCC_WARN_UNINITIALIZED_AUTOS = YES_AGGRESSIVE;
				GCC_WARN_UNUSED_FUNCTION = YES;
				GCC_WARN_UNUSED_VARIABLE = YES;
				IPHONEOS_DEPLOYMENT_TARGET = 16.2;
				MTL_ENABLE_DEBUG_INFO = INCLUDE_SOURCE;
				MTL_FAST_MATH = YES;
				ONLY_ACTIVE_ARCH = YES;
				SDKROOT = iphoneos;
				SWIFT_ACTIVE_COMPILATION_CONDITIONS = DEBUG;
				SWIFT_OPTIMIZATION_LEVEL = "-Onone";
			};
			name = Debug;
		};
		616AF63B2A8D00E70040BD5E /* Release */ = {
			isa = XCBuildConfiguration;
			buildSettings = {
				ALWAYS_SEARCH_USER_PATHS = NO;
				CLANG_ANALYZER_NONNULL = YES;
				CLANG_ANALYZER_NUMBER_OBJECT_CONVERSION = YES_AGGRESSIVE;
				CLANG_CXX_LANGUAGE_STANDARD = "gnu++20";
				CLANG_ENABLE_MODULES = YES;
				CLANG_ENABLE_OBJC_ARC = YES;
				CLANG_ENABLE_OBJC_WEAK = YES;
				CLANG_WARN_BLOCK_CAPTURE_AUTORELEASING = YES;
				CLANG_WARN_BOOL_CONVERSION = YES;
				CLANG_WARN_COMMA = YES;
				CLANG_WARN_CONSTANT_CONVERSION = YES;
				CLANG_WARN_DEPRECATED_OBJC_IMPLEMENTATIONS = YES;
				CLANG_WARN_DIRECT_OBJC_ISA_USAGE = YES_ERROR;
				CLANG_WARN_DOCUMENTATION_COMMENTS = YES;
				CLANG_WARN_EMPTY_BODY = YES;
				CLANG_WARN_ENUM_CONVERSION = YES;
				CLANG_WARN_INFINITE_RECURSION = YES;
				CLANG_WARN_INT_CONVERSION = YES;
				CLANG_WARN_NON_LITERAL_NULL_CONVERSION = YES;
				CLANG_WARN_OBJC_IMPLICIT_RETAIN_SELF = YES;
				CLANG_WARN_OBJC_LITERAL_CONVERSION = YES;
				CLANG_WARN_OBJC_ROOT_CLASS = YES_ERROR;
				CLANG_WARN_QUOTED_INCLUDE_IN_FRAMEWORK_HEADER = YES;
				CLANG_WARN_RANGE_LOOP_ANALYSIS = YES;
				CLANG_WARN_STRICT_PROTOTYPES = YES;
				CLANG_WARN_SUSPICIOUS_MOVE = YES;
				CLANG_WARN_UNGUARDED_AVAILABILITY = YES_AGGRESSIVE;
				CLANG_WARN_UNREACHABLE_CODE = YES;
				CLANG_WARN__DUPLICATE_METHOD_MATCH = YES;
				COPY_PHASE_STRIP = NO;
				DEBUG_INFORMATION_FORMAT = "dwarf-with-dsym";
				ENABLE_NS_ASSERTIONS = NO;
				ENABLE_STRICT_OBJC_MSGSEND = YES;
				GCC_C_LANGUAGE_STANDARD = gnu11;
				GCC_NO_COMMON_BLOCKS = YES;
				GCC_WARN_64_TO_32_BIT_CONVERSION = YES;
				GCC_WARN_ABOUT_RETURN_TYPE = YES_ERROR;
				GCC_WARN_UNDECLARED_SELECTOR = YES;
				GCC_WARN_UNINITIALIZED_AUTOS = YES_AGGRESSIVE;
				GCC_WARN_UNUSED_FUNCTION = YES;
				GCC_WARN_UNUSED_VARIABLE = YES;
				IPHONEOS_DEPLOYMENT_TARGET = 16.2;
				MTL_ENABLE_DEBUG_INFO = NO;
				MTL_FAST_MATH = YES;
				SDKROOT = iphoneos;
				SWIFT_COMPILATION_MODE = wholemodule;
				SWIFT_OPTIMIZATION_LEVEL = "-O";
				VALIDATE_PRODUCT = YES;
			};
			name = Release;
		};
		616AF63D2A8D00E70040BD5E /* Debug */ = {
			isa = XCBuildConfiguration;
			buildSettings = {
				ASSETCATALOG_COMPILER_APPICON_NAME = AppIcon;
				ASSETCATALOG_COMPILER_GLOBAL_ACCENT_COLOR_NAME = AccentColor;
				CODE_SIGN_STYLE = Automatic;
				CURRENT_PROJECT_VERSION = 1;
				GENERATE_INFOPLIST_FILE = YES;
				INFOPLIST_FILE = BMICalculator/Info.plist;
				INFOPLIST_KEY_UIApplicationSupportsIndirectInputEvents = YES;
				INFOPLIST_KEY_UILaunchStoryboardName = LaunchScreen;
				INFOPLIST_KEY_UIMainStoryboardFile = Main;
				INFOPLIST_KEY_UISupportedInterfaceOrientations_iPad = "UIInterfaceOrientationPortrait UIInterfaceOrientationPortraitUpsideDown UIInterfaceOrientationLandscapeLeft UIInterfaceOrientationLandscapeRight";
				INFOPLIST_KEY_UISupportedInterfaceOrientations_iPhone = "UIInterfaceOrientationPortrait UIInterfaceOrientationLandscapeLeft UIInterfaceOrientationLandscapeRight";
				LD_RUNPATH_SEARCH_PATHS = (
					"$(inherited)",
					"@executable_path/Frameworks",
				);
				MARKETING_VERSION = 1.0;
				PRODUCT_BUNDLE_IDENTIFIER = org.krishi.BMICalculator;
				PRODUCT_NAME = "$(TARGET_NAME)";
				SWIFT_EMIT_LOC_STRINGS = YES;
				SWIFT_VERSION = 5.0;
				TARGETED_DEVICE_FAMILY = "1,2";
			};
			name = Debug;
		};
		616AF63E2A8D00E70040BD5E /* Release */ = {
			isa = XCBuildConfiguration;
			buildSettings = {
				ASSETCATALOG_COMPILER_APPICON_NAME = AppIcon;
				ASSETCATALOG_COMPILER_GLOBAL_ACCENT_COLOR_NAME = AccentColor;
				CODE_SIGN_STYLE = Automatic;
				CURRENT_PROJECT_VERSION = 1;
				GENERATE_INFOPLIST_FILE = YES;
				INFOPLIST_FILE = BMICalculator/Info.plist;
				INFOPLIST_KEY_UIApplicationSupportsIndirectInputEvents = YES;
				INFOPLIST_KEY_UILaunchStoryboardName = LaunchScreen;
				INFOPLIST_KEY_UIMainStoryboardFile = Main;
				INFOPLIST_KEY_UISupportedInterfaceOrientations_iPad = "UIInterfaceOrientationPortrait UIInterfaceOrientationPortraitUpsideDown UIInterfaceOrientationLandscapeLeft UIInterfaceOrientationLandscapeRight";
				INFOPLIST_KEY_UISupportedInterfaceOrientations_iPhone = "UIInterfaceOrientationPortrait UIInterfaceOrientationLandscapeLeft UIInterfaceOrientationLandscapeRight";
				LD_RUNPATH_SEARCH_PATHS = (
					"$(inherited)",
					"@executable_path/Frameworks",
				);
				MARKETING_VERSION = 1.0;
				PRODUCT_BUNDLE_IDENTIFIER = org.krishi.BMICalculator;
				PRODUCT_NAME = "$(TARGET_NAME)";
				SWIFT_EMIT_LOC_STRINGS = YES;
				SWIFT_VERSION = 5.0;
				TARGETED_DEVICE_FAMILY = "1,2";
			};
			name = Release;
		};
		616AF6402A8D00E70040BD5E /* Debug */ = {
			isa = XCBuildConfiguration;
			buildSettings = {
				ALWAYS_EMBED_SWIFT_STANDARD_LIBRARIES = YES;
				BUNDLE_LOADER = "$(TEST_HOST)";
				CODE_SIGN_STYLE = Automatic;
				CURRENT_PROJECT_VERSION = 1;
				GENERATE_INFOPLIST_FILE = YES;
				IPHONEOS_DEPLOYMENT_TARGET = 16.2;
				MARKETING_VERSION = 1.0;
				PRODUCT_BUNDLE_IDENTIFIER = org.krishi.BMICalculatorTests;
				PRODUCT_NAME = "$(TARGET_NAME)";
				SWIFT_EMIT_LOC_STRINGS = NO;
				SWIFT_VERSION = 5.0;
				TARGETED_DEVICE_FAMILY = "1,2";
				TEST_HOST = "$(BUILT_PRODUCTS_DIR)/BMICalculator.app/$(BUNDLE_EXECUTABLE_FOLDER_PATH)/BMICalculator";
			};
			name = Debug;
		};
		616AF6412A8D00E70040BD5E /* Release */ = {
			isa = XCBuildConfiguration;
			buildSettings = {
				ALWAYS_EMBED_SWIFT_STANDARD_LIBRARIES = YES;
				BUNDLE_LOADER = "$(TEST_HOST)";
				CODE_SIGN_STYLE = Automatic;
				CURRENT_PROJECT_VERSION = 1;
				GENERATE_INFOPLIST_FILE = YES;
				IPHONEOS_DEPLOYMENT_TARGET = 16.2;
				MARKETING_VERSION = 1.0;
				PRODUCT_BUNDLE_IDENTIFIER = org.krishi.BMICalculatorTests;
				PRODUCT_NAME = "$(TARGET_NAME)";
				SWIFT_EMIT_LOC_STRINGS = NO;
				SWIFT_VERSION = 5.0;
				TARGETED_DEVICE_FAMILY = "1,2";
				TEST_HOST = "$(BUILT_PRODUCTS_DIR)/BMICalculator.app/$(BUNDLE_EXECUTABLE_FOLDER_PATH)/BMICalculator";
			};
			name = Release;
		};
		616AF6432A8D00E70040BD5E /* Debug */ = {
			isa = XCBuildConfiguration;
			buildSettings = {
				ALWAYS_EMBED_SWIFT_STANDARD_LIBRARIES = YES;
				CODE_SIGN_STYLE = Automatic;
				CURRENT_PROJECT_VERSION = 1;
				GENERATE_INFOPLIST_FILE = YES;
				MARKETING_VERSION = 1.0;
				PRODUCT_BUNDLE_IDENTIFIER = org.krishi.BMICalculatorUITests;
				PRODUCT_NAME = "$(TARGET_NAME)";
				SWIFT_EMIT_LOC_STRINGS = NO;
				SWIFT_VERSION = 5.0;
				TARGETED_DEVICE_FAMILY = "1,2";
				TEST_TARGET_NAME = BMICalculator;
			};
			name = Debug;
		};
		616AF6442A8D00E70040BD5E /* Release */ = {
			isa = XCBuildConfiguration;
			buildSettings = {
				ALWAYS_EMBED_SWIFT_STANDARD_LIBRARIES = YES;
				CODE_SIGN_STYLE = Automatic;
				CURRENT_PROJECT_VERSION = 1;
				GENERATE_INFOPLIST_FILE = YES;
				MARKETING_VERSION = 1.0;
				PRODUCT_BUNDLE_IDENTIFIER = org.krishi.BMICalculatorUITests;
				PRODUCT_NAME = "$(TARGET_NAME)";
				SWIFT_EMIT_LOC_STRINGS = NO;
				SWIFT_VERSION = 5.0;
				TARGETED_DEVICE_FAMILY = "1,2";
				TEST_TARGET_NAME = BMICalculator;
			};
			name = Release;
		};
/* End XCBuildConfiguration section */

/* Begin XCConfigurationList section */
		616AF60A2A8D00E50040BD5E /* Build configuration list for PBXProject "BMICalculator" */ = {
			isa = XCConfigurationList;
			buildConfigurations = (
				616AF63A2A8D00E70040BD5E /* Debug */,
				616AF63B2A8D00E70040BD5E /* Release */,
			);
			defaultConfigurationIsVisible = 0;
			defaultConfigurationName = Release;
		};
		616AF63C2A8D00E70040BD5E /* Build configuration list for PBXNativeTarget "BMICalculator" */ = {
			isa = XCConfigurationList;
			buildConfigurations = (
				616AF63D2A8D00E70040BD5E /* Debug */,
				616AF63E2A8D00E70040BD5E /* Release */,
			);
			defaultConfigurationIsVisible = 0;
			defaultConfigurationName = Release;
		};
		616AF63F2A8D00E70040BD5E /* Build configuration list for PBXNativeTarget "BMICalculatorTests" */ = {
			isa = XCConfigurationList;
			buildConfigurations = (
				616AF6402A8D00E70040BD5E /* Debug */,
				616AF6412A8D00E70040BD5E /* Release */,
			);
			defaultConfigurationIsVisible = 0;
			defaultConfigurationName = Release;
		};
		616AF6422A8D00E70040BD5E /* Build configuration list for PBXNativeTarget "BMICalculatorUITests" */ = {
			isa = XCConfigurationList;
			buildConfigurations = (
				616AF6432A8D00E70040BD5E /* Debug */,
				616AF6442A8D00E70040BD5E /* Release */,
			);
			defaultConfigurationIsVisible = 0;
			defaultConfigurationName = Release;
		};
/* End XCConfigurationList section */

/* Begin XCVersionGroup section */
		616AF61B2A8D00E60040BD5E /* BMICalculator.xcdatamodeld */ = {
			isa = XCVersionGroup;
			children = (
				616AF61C2A8D00E60040BD5E /* BMICalculator.xcdatamodel */,
			);
			currentVersion = 616AF61C2A8D00E60040BD5E /* BMICalculator.xcdatamodel */;
			path = BMICalculator.xcdatamodeld;
			sourceTree = "<group>";
			versionGroupType = wrapper.xcdatamodel;
		};
/* End XCVersionGroup section */
	};
	rootObject = 616AF6072A8D00E50040BD5E /* Project object */;
}
